
Microsoft Visual Studio Solution File, Format Version 12.00
# Visual Studio Version 17
VisualStudioVersion = 17.8.34408.163
MinimumVisualStudioVersion = 10.0.40219.1
Project("{9A19103F-16F7-4668-BE54-9A1E7A4F7556}") = "ProviderDatabaseLibrary", "ProviderDatabaseLibrary.csproj", "{F98B4271-84DC-4369-938D-00CD515A57D7}"
EndProject
Project("{FAE04EC0-301F-11D3-BF4B-00C04F79EFBC}") = "ProviderGUI", "..\ProviderGUI\ProviderGUI.csproj", "{D27C229E-D78A-48E1-BC25-5A6A374BB5D5}"
EndProject
Global
	GlobalSection(SolutionConfigurationPlatforms) = preSolution
		Debug|Any CPU = Debug|Any CPU
		Release|Any CPU = Release|Any CPU
	EndGlobalSection
	GlobalSection(ProjectConfigurationPlatforms) = postSolution
		{F98B4271-84DC-4369-938D-00CD515A57D7}.Debug|Any CPU.ActiveCfg = Debug|Any CPU
		{F98B4271-84DC-4369-938D-00CD515A57D7}.Debug|Any CPU.Build.0 = Debug|Any CPU
		{F98B4271-84DC-4369-938D-00CD515A57D7}.Release|Any CPU.ActiveCfg = Release|Any CPU
		{F98B4271-84DC-4369-938D-00CD515A57D7}.Release|Any CPU.Build.0 = Release|Any CPU
		{D27C229E-D78A-48E1-BC25-5A6A374BB5D5}.Debug|Any CPU.ActiveCfg = Debug|Any CPU
		{D27C229E-D78A-48E1-BC25-5A6A374BB5D5}.Debug|Any CPU.Build.0 = Debug|Any CPU
		{D27C229E-D78A-48E1-BC25-5A6A374BB5D5}.Release|Any CPU.ActiveCfg = Release|Any CPU
		{D27C229E-D78A-48E1-BC25-5A6A374BB5D5}.Release|Any CPU.Build.0 = Release|Any CPU
	EndGlobalSection
	GlobalSection(SolutionProperties) = preSolution
		HideSolutionNode = FALSE
	EndGlobalSection
	GlobalSection(ExtensibilityGlobals) = postSolution
		SolutionGuid = {15EDA533-E6DA-4442-9728-5943A722BA21}
	EndGlobalSection
EndGlobal
